
Microsoft Visual Studio Solution File, Format Version 12.00
# Visual Studio 15
VisualStudioVersion = 15.0.26730.15
MinimumVisualStudioVersion = 10.0.40219.1
Project("{8BC9CEB8-8B4A-11D0-8D11-00A0C91BC942}") = "ConvertNumbers", "ConvertNumbers\ConvertNumbers.vcxproj", "{F8EBF73C-9AA6-48C9-A2BB-2519C1DB4DAA}"
EndProject
Project("{8BC9CEB8-8B4A-11D0-8D11-00A0C91BC942}") = "UnitTest1", "UnitTest1\UnitTest1.vcxproj", "{A6DD00D8-823F-4EE2-BB1F-1BB6E23BB501}"
EndProject
Global
	GlobalSection(SolutionConfigurationPlatforms) = preSolution
		Debug|x64 = Debug|x64
		Debug|x86 = Debug|x86
		Release|x64 = Release|x64
		Release|x86 = Release|x86
	EndGlobalSection
	GlobalSection(ProjectConfigurationPlatforms) = postSolution
		{F8EBF73C-9AA6-48C9-A2BB-2519C1DB4DAA}.Debug|x64.ActiveCfg = Debug|x64
		{F8EBF73C-9AA6-48C9-A2BB-2519C1DB4DAA}.Debug|x64.Build.0 = Debug|x64
		{F8EBF73C-9AA6-48C9-A2BB-2519C1DB4DAA}.Debug|x86.ActiveCfg = Debug|Win32
		{F8EBF73C-9AA6-48C9-A2BB-2519C1DB4DAA}.Debug|x86.Build.0 = Debug|Win32
		{F8EBF73C-9AA6-48C9-A2BB-2519C1DB4DAA}.Release|x64.ActiveCfg = Release|x64
		{F8EBF73C-9AA6-48C9-A2BB-2519C1DB4DAA}.Release|x64.Build.0 = Release|x64
		{F8EBF73C-9AA6-48C9-A2BB-2519C1DB4DAA}.Release|x86.ActiveCfg = Release|Win32
		{F8EBF73C-9AA6-48C9-A2BB-2519C1DB4DAA}.Release|x86.Build.0 = Release|Win32
		{A6DD00D8-823F-4EE2-BB1F-1BB6E23BB501}.Debug|x64.ActiveCfg = Debug|x64
		{A6DD00D8-823F-4EE2-BB1F-1BB6E23BB501}.Debug|x64.Build.0 = Debug|x64
		{A6DD00D8-823F-4EE2-BB1F-1BB6E23BB501}.Debug|x86.ActiveCfg = Debug|Win32
		{A6DD00D8-823F-4EE2-BB1F-1BB6E23BB501}.Debug|x86.Build.0 = Debug|Win32
		{A6DD00D8-823F-4EE2-BB1F-1BB6E23BB501}.Release|x64.ActiveCfg = Release|x64
		{A6DD00D8-823F-4EE2-BB1F-1BB6E23BB501}.Release|x64.Build.0 = Release|x64
		{A6DD00D8-823F-4EE2-BB1F-1BB6E23BB501}.Release|x86.ActiveCfg = Release|Win32
		{A6DD00D8-823F-4EE2-BB1F-1BB6E23BB501}.Release|x86.Build.0 = Release|Win32
	EndGlobalSection
	GlobalSection(SolutionProperties) = preSolution
		HideSolutionNode = FALSE
	EndGlobalSection
	GlobalSection(ExtensibilityGlobals) = postSolution
		SolutionGuid = {C82C1E65-0DBE-4F27-94F9-53C1E5AC476E}
	EndGlobalSection
EndGlobal
